
Microsoft Visual Studio Solution File, Format Version 12.00
# Visual Studio Version 17
VisualStudioVersion = 17.9.34728.123
MinimumVisualStudioVersion = 10.0.40219.1
Project("{FAE04EC0-301F-11D3-BF4B-00C04F79EFBC}") = "03.10", "03.10.csproj", "{076AD737-A742-413C-8963-9488AE4B52ED}"
EndProject
Global
	GlobalSection(SolutionConfigurationPlatforms) = preSolution
		Debug|Any CPU = Debug|Any CPU
		Release|Any CPU = Release|Any CPU
	EndGlobalSection
	GlobalSection(ProjectConfigurationPlatforms) = postSolution
		{076AD737-A742-413C-8963-9488AE4B52ED}.Debug|Any CPU.ActiveCfg = Debug|Any CPU
		{076AD737-A742-413C-8963-9488AE4B52ED}.Debug|Any CPU.Build.0 = Debug|Any CPU
		{076AD737-A742-413C-8963-9488AE4B52ED}.Release|Any CPU.ActiveCfg = Release|Any CPU
		{076AD737-A742-413C-8963-9488AE4B52ED}.Release|Any CPU.Build.0 = Release|Any CPU
	EndGlobalSection
	GlobalSection(SolutionProperties) = preSolution
		HideSolutionNode = FALSE
	EndGlobalSection
	GlobalSection(ExtensibilityGlobals) = postSolution
		SolutionGuid = {1331701A-D48C-4AB5-ABC7-28B1F727BFAD}
	EndGlobalSection
EndGlobal
